{
  "version": "5",
  "specifiers": {
    "jsr:@hono/hono@*": "4.12.12"
  },
  "jsr": {
    "@hono/hono@4.12.12": {
      "integrity": "dc765178d38b5c4619b358062f6aa5514f7205bb0530b2823ff6265bec69c535"
    }
  },
  "workspace": {
    "packageJson": {
      "dependencies": [
        "npm:@eslint/js@9.39.4",
        "npm:@misskey-dev/eslint-plugin@2.1.0",
        "npm:@types/js-yaml@4.0.9",
        "npm:@types/node@24.12.0",
        "npm:@typescript-eslint/eslint-plugin@8.57.0",
        "npm:@typescript-eslint/parser@8.57.0",
        "npm:@typescript/native-preview@7.0.0-dev.20260116.1",
        "npm:cross-env@10.1.0",
        "npm:cssnano@7.1.3",
        "npm:cypress@15.11.0",
        "npm:esbuild@0.27.4",
        "npm:eslint@9.39.4",
        "npm:execa@9.6.1",
        "npm:globals@17.4.0",
        "npm:ignore-walk@8.0.0",
        "npm:js-yaml@4.1.1",
        "npm:ncp@2.0.0",
        "npm:pnpm@10.32.1",
        "npm:postcss@8.5.8",
        "npm:start-server-and-test@2.1.5",
        "npm:tar@7.5.11",
        "npm:terser@5.46.0",
        "npm:typescript@5.9.3"
      ]
    },
    "members": {
      "packages/backend": {
        "dependencies": [
          "jsr:@hono/hono@*"
        ],
        "packageJson": {
          "dependencies": [
            "npm:@aws-sdk/client-s3@3.1008.0",
            "npm:@aws-sdk/lib-storage@3.1008.0",
            "npm:@discordapp/twemoji@16.0.1",
            "npm:@fastify/accepts@5.0.4",
            "npm:@fastify/cors@11.2.0",
            "npm:@fastify/express@4.0.4",
            "npm:@fastify/http-proxy@11.4.1",
            "npm:@fastify/multipart@9.4.0",
            "npm:@fastify/static@9.0.0",
            "npm:@jest/globals@29.7.0",
            "npm:@kitajs/html@4.2.13",
            "npm:@kitajs/ts-html-plugin@4.1.4",
            "npm:@misskey-dev/sharp-read-bmp@1.2.0",
            "npm:@misskey-dev/summaly@5.2.5",
            "npm:@napi-rs/canvas@0.1.96",
            "npm:@nestjs/common@11.1.16",
            "npm:@nestjs/core@11.1.16",
            "npm:@nestjs/platform-express@11.1.16",
            "npm:@nestjs/testing@11.1.16",
            "npm:@peertube/http-signature@1.7.0",
            "npm:@sentry/node@10.43.0",
            "npm:@sentry/profiling-node@10.43.0",
            "npm:@sentry/vue@10.43.0",
            "npm:@simplewebauthn/server@13.3.0",
            "npm:@simplewebauthn/types@12.0.0",
            "npm:@sinonjs/fake-timers@15.1.1",
            "npm:@smithy/node-http-handler@4.4.16",
            "npm:@swc/cli@0.8.0",
            "npm:@swc/core@1.15.18",
            "npm:@swc/jest@0.2.39",
            "npm:@twemoji/parser@16.0.0",
            "npm:@types/accepts@1.3.7",
            "npm:@types/archiver@7.0.0",
            "npm:@types/body-parser@1.19.6",
            "npm:@types/color-convert@2.0.4",
            "npm:@types/content-disposition@0.5.9",
            "npm:@types/fluent-ffmpeg@2.1.28",
            "npm:@types/http-link-header@1.0.7",
            "npm:@types/jest@29.5.14",
            "npm:@types/jsonld@1.5.15",
            "npm:@types/mime-types@3.0.1",
            "npm:@types/ms@2.1.0",
            "npm:@types/node@24.12.0",
            "npm:@types/nodemailer@7.0.11",
            "npm:@types/oauth2orize-pkce@0.1.2",
            "npm:@types/oauth2orize@1.11.5",
            "npm:@types/pg@8.18.0",
            "npm:@types/qrcode@1.5.6",
            "npm:@types/random-seed@0.3.5",
            "npm:@types/ratelimiter@3.4.6",
            "npm:@types/rename@1.0.7",
            "npm:@types/sanitize-html@2.16.1",
            "npm:@types/semver@7.7.1",
            "npm:@types/simple-oauth2@5.0.8",
            "npm:@types/sinonjs__fake-timers@15.0.1",
            "npm:@types/supertest@6.0.3",
            "npm:@types/tinycolor2@1.4.6",
            "npm:@types/tmp@0.2.6",
            "npm:@types/vary@1.1.3",
            "npm:@types/web-push@3.6.4",
            "npm:@types/ws@8.18.1",
            "npm:@typescript-eslint/eslint-plugin@8.57.0",
            "npm:@typescript-eslint/parser@8.57.0",
            "npm:accepts@1.3.8",
            "npm:ajv@8.18.0",
            "npm:archiver@7.0.1",
            "npm:async-mutex@0.5.0",
            "npm:aws-sdk-client-mock@4.1.0",
            "npm:bcryptjs@3.0.3",
            "npm:blurhash@2.0.5",
            "npm:body-parser@2.2.2",
            "npm:bullmq@5.71.0",
            "npm:cacheable-lookup@7.0.0",
            "npm:cbor@10.0.12",
            "npm:chalk-template@1.1.2",
            "npm:chalk@5.6.2",
            "npm:chokidar@5.0.0",
            "npm:color-convert@3.1.3",
            "npm:content-disposition@1.0.1",
            "npm:cross-env@10.1.0",
            "npm:date-fns@4.1.0",
            "npm:deep-email-validator@0.1.21",
            "npm:esbuild-plugin-swc@1.0.1",
            "npm:eslint-plugin-import@2.32.0",
            "npm:execa@9.6.1",
            "npm:fastify-raw-body@5.0.0",
            "npm:fastify@5.8.2",
            "npm:feed@5.2.0",
            "npm:file-type@21.3.2",
            "npm:fkill@10.0.3",
            "npm:fluent-ffmpeg@2.1.3",
            "npm:form-data@4.0.5",
            "npm:got@14.6.6",
            "npm:hpagent@1.2.0",
            "npm:http-link-header@1.1.3",
            "npm:ioredis@5.10.0",
            "npm:ip-cidr@4.0.2",
            "npm:ipaddr.js@2.3.0",
            "npm:is-svg@6.1.0",
            "npm:jest-mock@29.7.0",
            "npm:jest@29.7.0",
            "npm:js-yaml@4.1.1",
            "npm:json5@2.2.3",
            "npm:jsonld@9.0.0",
            "npm:juice@11.1.1",
            "npm:meilisearch@0.55.0",
            "npm:mfm-js@0.25.0",
            "npm:mime-types@3.0.2",
            "npm:ms@3.0.0-canary.202508261828",
            "npm:nanoid@5.1.6",
            "npm:nested-property@4.0.0",
            "npm:node-fetch@3.3.2",
            "npm:node-html-parser@7.1.0",
            "npm:nodemailer@8.0.2",
            "npm:nodemon@3.1.14",
            "npm:nsfwjs@4.2.0",
            "npm:oauth2orize-pkce@0.1.2",
            "npm:oauth2orize@1.12.0",
            "npm:os-utils@0.0.14",
            "npm:otpauth@9.5.0",
            "npm:pg@8.20.0",
            "npm:pid-port@2.0.1",
            "npm:pkce-challenge@6.0.0",
            "npm:probe-image-size@7.2.3",
            "npm:promise-limit@2.7.0",
            "npm:qrcode@1.5.4",
            "npm:random-seed@0.3.0",
            "npm:ratelimiter@3.4.1",
            "npm:re2@1.23.3",
            "npm:reflect-metadata@0.2.2",
            "npm:rename@1.0.4",
            "npm:rss-parser@3.13.0",
            "npm:rxjs@7.8.2",
            "npm:sanitize-html@2.17.1",
            "npm:secure-json-parse@4.1.0",
            "npm:semver@7.7.4",
            "npm:sharp@0.33.5",
            "npm:simple-oauth2@5.1.0",
            "npm:slacc@0.0.10",
            "npm:strict-event-emitter-types@2.0.0",
            "npm:stringz@2.1.0",
            "npm:supertest@7.2.2",
            "npm:systeminformation@5.31.4",
            "npm:tinycolor2@1.6.0",
            "npm:tmp@0.2.5",
            "npm:tsc-alias@1.8.16",
            "npm:typeorm@0.3.28",
            "npm:ulid@3.0.2",
            "npm:vary@1.1.2",
            "npm:vite@7.3.1",
            "npm:web-push@3.6.7",
            "npm:ws@8.19.0",
            "npm:xev@3.0.2"
          ]
        }
      },
      "packages/frontend": {
        "packageJson": {
          "dependencies": [
            "npm:@analytics/google-analytics@1.1.0",
            "npm:@discordapp/twemoji@16.0.1",
            "npm:@github/webauthn-json@2.1.1",
            "npm:@mcaptcha/core-glue@0.1.0-alpha-5",
            "npm:@misskey-dev/browser-image-resizer@2024.1.0",
            "npm:@misskey-dev/summaly@5.2.5",
            "npm:@rollup/plugin-json@6.1.0",
            "npm:@rollup/plugin-replace@6.0.3",
            "npm:@rollup/pluginutils@5.3.0",
            "npm:@sentry/vue@10.43.0",
            "npm:@storybook/addon-essentials@8.6.18",
            "npm:@storybook/addon-interactions@8.6.18",
            "npm:@storybook/addon-links@10.2.17",
            "npm:@storybook/addon-mdx-gfm@8.6.18",
            "npm:@storybook/addon-storysource@8.6.18",
            "npm:@storybook/blocks@8.6.18",
            "npm:@storybook/components@8.6.18",
            "npm:@storybook/core-events@8.6.18",
            "npm:@storybook/manager-api@8.6.18",
            "npm:@storybook/preview-api@8.6.18",
            "npm:@storybook/react-vite@10.2.17",
            "npm:@storybook/react@10.2.17",
            "npm:@storybook/test@8.6.18",
            "npm:@storybook/theming@8.6.18",
            "npm:@storybook/types@8.6.18",
            "npm:@storybook/vue3-vite@10.2.17",
            "npm:@storybook/vue3@10.2.17",
            "npm:@syuilo/aiscript@0.19",
            "npm:@syuilo/aiscript@1.2.1",
            "npm:@tabler/icons-webfont@3.35.0",
            "npm:@testing-library/vue@8.1.0",
            "npm:@twemoji/parser@16.0.0",
            "npm:@types/canvas-confetti@1.9.0",
            "npm:@types/estree@1.0.8",
            "npm:@types/insert-text-at-cursor@0.3.2",
            "npm:@types/matter-js@0.20.2",
            "npm:@types/micromatch@4.0.10",
            "npm:@types/node@24.12.0",
            "npm:@types/punycode@2.1.4",
            "npm:@types/sanitize-html@2.16.1",
            "npm:@types/seedrandom@3.0.8",
            "npm:@types/textarea-caret@3.0.4",
            "npm:@types/throttle-debounce@5.0.2",
            "npm:@types/tinycolor2@1.4.6",
            "npm:@typescript-eslint/eslint-plugin@8.57.0",
            "npm:@typescript-eslint/parser@8.57.0",
            "npm:@vitejs/plugin-vue@6.0.5",
            "npm:@vitest/coverage-v8@4.1.0",
            "npm:@vue/compiler-core@3.5.30",
            "npm:acorn@8.16.0",
            "npm:analytics@0.8.19",
            "npm:astring@1.9.0",
            "npm:broadcast-channel@7.3.0",
            "npm:buraha@0.0.1",
            "npm:canvas-confetti@1.9.4",
            "npm:chart.js@4.5.1",
            "npm:chartjs-adapter-date-fns@3.0.0",
            "npm:chartjs-chart-matrix@3.0.0",
            "npm:chartjs-plugin-gradient@0.6.1",
            "npm:chartjs-plugin-zoom@2.2.0",
            "npm:chromatic@15.2.0",
            "npm:compare-versions@6.1.1",
            "npm:cropperjs@2.1.0",
            "npm:cross-env@10.1.0",
            "npm:cypress@15.11.0",
            "npm:date-fns@4.1.0",
            "npm:eslint-plugin-import@2.32.0",
            "npm:eslint-plugin-vue@10.8.0",
            "npm:estree-walker@3.0.3",
            "npm:eventemitter3@5.0.4",
            "npm:execa@9.6.1",
            "npm:exifreader@4.37.0",
            "npm:happy-dom@20.8.4",
            "npm:idb-keyval@6.2.2",
            "npm:insert-text-at-cursor@0.3.0",
            "npm:intersection-observer@0.12.2",
            "npm:ios-haptics@0.1.4",
            "npm:is-file-animated@1.0.2",
            "npm:json5@2.2.3",
            "npm:magic-string@0.30.21",
            "npm:matter-js@0.20.0",
            "npm:mediabunny@1.39.2",
            "npm:mfm-js@0.25.0",
            "npm:micromatch@4.0.8",
            "npm:minimatch@10.2.4",
            "npm:msw-storybook-addon@2.0.6",
            "npm:msw@2.12.10",
            "npm:nodemon@3.1.14",
            "npm:photoswipe@5.4.4",
            "npm:prettier@3.8.1",
            "npm:punycode.js@2.3.1",
            "npm:qr-code-styling@1.9.2",
            "npm:qr-scanner@1.4.2",
            "npm:react-dom@19.2.4",
            "npm:react@19.2.4",
            "npm:rollup@4.59.0",
            "npm:sanitize-html@2.17.1",
            "npm:sass@1.98.0",
            "npm:seedrandom@3.0.5",
            "npm:shiki@3.23.0",
            "npm:start-server-and-test@2.1.5",
            "npm:storybook@10.2.17",
            "npm:textarea-caret@3.1.0",
            "npm:three@0.183.2",
            "npm:throttle-debounce@5.0.2",
            "npm:tinycolor2@1.6.0",
            "npm:tsx@4.21.0",
            "npm:v-code-diff@1.13.1",
            "npm:vite-plugin-glsl@1.5.5",
            "npm:vite-plugin-turbosnap@1.0.3",
            "npm:vite@7.3.1",
            "npm:vitest-fetch-mock@0.4.5",
            "npm:vitest@4.1.0",
            "npm:vue-component-type-helpers@3.2.5",
            "npm:vue-eslint-parser@10.4.0",
            "npm:vue-tsc@3.2.5",
            "npm:vue@3.5.30",
            "npm:wanakana@5.3.1"
          ]
        }
      },
      "packages/frontend-builder": {
        "packageJson": {
          "dependencies": [
            "npm:@types/estree@1.0.8",
            "npm:@types/node@24.12.0",
            "npm:@typescript-eslint/eslint-plugin@8.57.0",
            "npm:@typescript-eslint/parser@8.57.0",
            "npm:estree-walker@3.0.3",
            "npm:magic-string@0.30.21",
            "npm:rollup@4.59.0",
            "npm:vite@7.3.1"
          ]
        }
      },
      "packages/frontend-embed": {
        "packageJson": {
          "dependencies": [
            "npm:@discordapp/twemoji@16.0.1",
            "npm:@misskey-dev/summaly@5.2.5",
            "npm:@rollup/plugin-json@6.1.0",
            "npm:@rollup/plugin-replace@6.0.3",
            "npm:@rollup/pluginutils@5.3.0",
            "npm:@tabler/icons-webfont@3.35.0",
            "npm:@testing-library/vue@8.1.0",
            "npm:@twemoji/parser@16.0.0",
            "npm:@types/estree@1.0.8",
            "npm:@types/micromatch@4.0.10",
            "npm:@types/node@24.12.0",
            "npm:@types/punycode@2.1.4",
            "npm:@types/tinycolor2@1.4.6",
            "npm:@types/ws@8.18.1",
            "npm:@typescript-eslint/eslint-plugin@8.57.0",
            "npm:@typescript-eslint/parser@8.57.0",
            "npm:@vitejs/plugin-vue@6.0.5",
            "npm:@vitest/coverage-v8@4.1.0",
            "npm:@vue/runtime-core@3.5.30",
            "npm:acorn@8.16.0",
            "npm:buraha@0.0.1",
            "npm:cross-env@10.1.0",
            "npm:eslint-plugin-import@2.32.0",
            "npm:eslint-plugin-vue@10.8.0",
            "npm:estree-walker@3.0.3",
            "npm:happy-dom@20.8.4",
            "npm:intersection-observer@0.12.2",
            "npm:json5@2.2.3",
            "npm:mfm-js@0.25.0",
            "npm:micromatch@4.0.8",
            "npm:msw@2.12.10",
            "npm:nodemon@3.1.14",
            "npm:prettier@3.8.1",
            "npm:punycode.js@2.3.1",
            "npm:rollup@4.59.0",
            "npm:sass@1.98.0",
            "npm:shiki@3.23.0",
            "npm:start-server-and-test@2.1.5",
            "npm:tinycolor2@1.6.0",
            "npm:tsx@4.21.0",
            "npm:uuid@13.0.0",
            "npm:vite-plugin-turbosnap@1.0.3",
            "npm:vite@7.3.1",
            "npm:vue-component-type-helpers@3.2.5",
            "npm:vue-eslint-parser@10.4.0",
            "npm:vue-tsc@3.2.5",
            "npm:vue@3.5.30"
          ]
        }
      },
      "packages/frontend-shared": {
        "packageJson": {
          "dependencies": [
            "npm:@types/node@24.12.0",
            "npm:@typescript-eslint/eslint-plugin@8.57.0",
            "npm:@typescript-eslint/parser@8.57.0",
            "npm:esbuild@0.27.4",
            "npm:eslint-plugin-vue@10.8.0",
            "npm:nodemon@3.1.14",
            "npm:vue-eslint-parser@10.4.0",
            "npm:vue@3.5.30"
          ]
        }
      },
      "packages/i18n": {
        "packageJson": {
          "dependencies": [
            "npm:@types/js-yaml@4.0.9",
            "npm:@types/node@24.12.0",
            "npm:@typescript-eslint/eslint-plugin@8.57.0",
            "npm:@typescript-eslint/parser@8.57.0",
            "npm:chokidar@5.0.0",
            "npm:esbuild@0.27.4",
            "npm:execa@9.6.1",
            "npm:js-yaml@4.1.1",
            "npm:nodemon@3.1.14",
            "npm:tsx@4.21.0"
          ]
        }
      },
      "packages/icons-subsetter": {
        "packageJson": {
          "dependencies": [
            "npm:@tabler/icons-webfont@3.35.0",
            "npm:@types/node@24.12.0",
            "npm:@types/wawoff2@1.0.2",
            "npm:@typescript-eslint/eslint-plugin@8.57.0",
            "npm:@typescript-eslint/parser@8.57.0",
            "npm:harfbuzzjs@0.10.0",
            "npm:tsx@4.21.0",
            "npm:wawoff2@2.0.1"
          ]
        }
      },
      "packages/misskey-bubble-game": {
        "packageJson": {
          "dependencies": [
            "npm:@types/matter-js@0.20.2",
            "npm:@types/node@24.12.0",
            "npm:@types/seedrandom@3.0.8",
            "npm:@typescript-eslint/eslint-plugin@8.57.0",
            "npm:@typescript-eslint/parser@8.57.0",
            "npm:esbuild@0.27.4",
            "npm:eventemitter3@5.0.4",
            "npm:execa@9.6.1",
            "npm:matter-js@0.20.0",
            "npm:nodemon@3.1.14",
            "npm:seedrandom@3.0.5"
          ]
        }
      },
      "packages/misskey-js": {
        "packageJson": {
          "dependencies": [
            "npm:@microsoft/api-extractor@7.57.7",
            "npm:@simplewebauthn/types@12.0.0",
            "npm:@types/node@24.12.0",
            "npm:@typescript-eslint/eslint-plugin@8.57.0",
            "npm:@typescript-eslint/parser@8.57.0",
            "npm:@vitest/coverage-v8@4.1.0",
            "npm:esbuild@0.27.4",
            "npm:eventemitter3@5.0.4",
            "npm:execa@9.6.1",
            "npm:ncp@2.0.0",
            "npm:nodemon@3.1.14",
            "npm:reconnecting-websocket@4.4.0",
            "npm:tsd@0.33.0",
            "npm:vitest-websocket-mock@0.5.0",
            "npm:vitest@4.1.0"
          ]
        }
      },
      "packages/misskey-reversi": {
        "packageJson": {
          "dependencies": [
            "npm:@types/node@24.12.0",
            "npm:@typescript-eslint/eslint-plugin@8.57.0",
            "npm:@typescript-eslint/parser@8.57.0",
            "npm:crc-32@1.2.2",
            "npm:esbuild@0.27.4",
            "npm:execa@9.6.1",
            "npm:nodemon@3.1.14"
          ]
        }
      },
      "packages/sw": {
        "packageJson": {
          "dependencies": [
            "npm:@types/serviceworker@0.0.74",
            "npm:@typescript-eslint/parser@8.57.0",
            "npm:esbuild@0.27.4",
            "npm:eslint-plugin-import@2.32.0",
            "npm:idb-keyval@6.2.2",
            "npm:nodemon@3.1.14"
          ]
        }
      }
    }
  }
}
